
Microsoft Visual Studio Solution File, Format Version 12.00
# Visual Studio 15
Project("{FAE04EC0-301F-11D3-BF4B-00C04F79EFBC}") = "AsteraX UCP C02 V18 - Mobile Version Challenge", "AsteraX UCP C02 V18 - Mobile Version Challenge.csproj", "{3A2B86CB-0CF5-2D67-369F-64572C0C906E}"
EndProject
Project("{FAE04EC0-301F-11D3-BF4B-00C04F79EFBC}") = "AsteraX UCP C02 V18 - Mobile Version Challenge.Plugins", "AsteraX UCP C02 V18 - Mobile Version Challenge.Plugins.csproj", "{0ED9B7C4-0CC9-AD3B-FB12-8225E974040C}"
EndProject
Project("{FAE04EC0-301F-11D3-BF4B-00C04F79EFBC}") = "AsteraX UCP C02 V18 - Mobile Version Challenge.Editor.Plugins", "AsteraX UCP C02 V18 - Mobile Version Challenge.Editor.Plugins.csproj", "{2EEFA3DB-BCCA-9333-1763-26EC7F69D797}"
EndProject
Project("{FAE04EC0-301F-11D3-BF4B-00C04F79EFBC}") = "AsteraX UCP C02 V18 - Mobile Version Challenge.Editor", "AsteraX UCP C02 V18 - Mobile Version Challenge.Editor.csproj", "{A4067CFD-BDEF-F6B2-DC2F-ECDE92AC450E}"
EndProject
Global
	GlobalSection(SolutionConfigurationPlatforms) = preSolution
		Debug|Any CPU = Debug|Any CPU
		Release|Any CPU = Release|Any CPU
	EndGlobalSection
	GlobalSection(ProjectConfigurationPlatforms) = postSolution
		{3A2B86CB-0CF5-2D67-369F-64572C0C906E}.Debug|Any CPU.ActiveCfg = Debug|Any CPU
		{3A2B86CB-0CF5-2D67-369F-64572C0C906E}.Debug|Any CPU.Build.0 = Debug|Any CPU
		{3A2B86CB-0CF5-2D67-369F-64572C0C906E}.Release|Any CPU.ActiveCfg = Release|Any CPU
		{3A2B86CB-0CF5-2D67-369F-64572C0C906E}.Release|Any CPU.Build.0 = Release|Any CPU
		{0ED9B7C4-0CC9-AD3B-FB12-8225E974040C}.Debug|Any CPU.ActiveCfg = Debug|Any CPU
		{0ED9B7C4-0CC9-AD3B-FB12-8225E974040C}.Debug|Any CPU.Build.0 = Debug|Any CPU
		{0ED9B7C4-0CC9-AD3B-FB12-8225E974040C}.Release|Any CPU.ActiveCfg = Release|Any CPU
		{0ED9B7C4-0CC9-AD3B-FB12-8225E974040C}.Release|Any CPU.Build.0 = Release|Any CPU
		{2EEFA3DB-BCCA-9333-1763-26EC7F69D797}.Debug|Any CPU.ActiveCfg = Debug|Any CPU
		{2EEFA3DB-BCCA-9333-1763-26EC7F69D797}.Debug|Any CPU.Build.0 = Debug|Any CPU
		{2EEFA3DB-BCCA-9333-1763-26EC7F69D797}.Release|Any CPU.ActiveCfg = Release|Any CPU
		{2EEFA3DB-BCCA-9333-1763-26EC7F69D797}.Release|Any CPU.Build.0 = Release|Any CPU
		{A4067CFD-BDEF-F6B2-DC2F-ECDE92AC450E}.Debug|Any CPU.ActiveCfg = Debug|Any CPU
		{A4067CFD-BDEF-F6B2-DC2F-ECDE92AC450E}.Debug|Any CPU.Build.0 = Debug|Any CPU
		{A4067CFD-BDEF-F6B2-DC2F-ECDE92AC450E}.Release|Any CPU.ActiveCfg = Release|Any CPU
		{A4067CFD-BDEF-F6B2-DC2F-ECDE92AC450E}.Release|Any CPU.Build.0 = Release|Any CPU
	EndGlobalSection
	GlobalSection(SolutionProperties) = preSolution
		HideSolutionNode = FALSE
	EndGlobalSection
EndGlobal
